
Microsoft Visual Studio Solution File, Format Version 12.00
# Visual Studio Version 16
VisualStudioVersion = 16.0.30804.86
MinimumVisualStudioVersion = 10.0.40219.1
Project("{9A19103F-16F7-4668-BE54-9A1E7A4F7556}") = "WebAPI", "WebAPI.csproj", "{FA211258-5670-443C-B638-3AA8F69B4F18}"
EndProject
Project("{2150E333-8FDC-42A3-9474-1A3956D46DE8}") = "BuissnessLayer", "BuissnessLayer", "{AFF6AB5B-45E1-493E-8967-C3DD2AF5B0A1}"
EndProject
Project("{2150E333-8FDC-42A3-9474-1A3956D46DE8}") = "DataAcessLayer", "DataAcessLayer", "{9B047E55-B9AD-4958-9268-702DAFDAF694}"
EndProject
Project("{9A19103F-16F7-4668-BE54-9A1E7A4F7556}") = "WebAPI.DAL", "..\WebAPI.DAL\WebAPI.DAL.csproj", "{DA5A2184-C016-4D9E-8019-7B5BB1A24F4B}"
EndProject
Project("{9A19103F-16F7-4668-BE54-9A1E7A4F7556}") = "WebAPI.BL", "..\WebAPI.BL\WebAPI.BL.csproj", "{BA7FBC5B-86EF-4340-B4E9-ED6565CF278D}"
	ProjectSection(ProjectDependencies) = postProject
		{DA5A2184-C016-4D9E-8019-7B5BB1A24F4B} = {DA5A2184-C016-4D9E-8019-7B5BB1A24F4B}
	EndProjectSection
EndProject
Global
	GlobalSection(SolutionConfigurationPlatforms) = preSolution
		Debug|Any CPU = Debug|Any CPU
		Release|Any CPU = Release|Any CPU
	EndGlobalSection
	GlobalSection(ProjectConfigurationPlatforms) = postSolution
		{FA211258-5670-443C-B638-3AA8F69B4F18}.Debug|Any CPU.ActiveCfg = Debug|Any CPU
		{FA211258-5670-443C-B638-3AA8F69B4F18}.Debug|Any CPU.Build.0 = Debug|Any CPU
		{FA211258-5670-443C-B638-3AA8F69B4F18}.Release|Any CPU.ActiveCfg = Release|Any CPU
		{FA211258-5670-443C-B638-3AA8F69B4F18}.Release|Any CPU.Build.0 = Release|Any CPU
		{DA5A2184-C016-4D9E-8019-7B5BB1A24F4B}.Debug|Any CPU.ActiveCfg = Debug|Any CPU
		{DA5A2184-C016-4D9E-8019-7B5BB1A24F4B}.Debug|Any CPU.Build.0 = Debug|Any CPU
		{DA5A2184-C016-4D9E-8019-7B5BB1A24F4B}.Release|Any CPU.ActiveCfg = Release|Any CPU
		{DA5A2184-C016-4D9E-8019-7B5BB1A24F4B}.Release|Any CPU.Build.0 = Release|Any CPU
		{BA7FBC5B-86EF-4340-B4E9-ED6565CF278D}.Debug|Any CPU.ActiveCfg = Debug|Any CPU
		{BA7FBC5B-86EF-4340-B4E9-ED6565CF278D}.Debug|Any CPU.Build.0 = Debug|Any CPU
		{BA7FBC5B-86EF-4340-B4E9-ED6565CF278D}.Release|Any CPU.ActiveCfg = Release|Any CPU
		{BA7FBC5B-86EF-4340-B4E9-ED6565CF278D}.Release|Any CPU.Build.0 = Release|Any CPU
	EndGlobalSection
	GlobalSection(SolutionProperties) = preSolution
		HideSolutionNode = FALSE
	EndGlobalSection
	GlobalSection(NestedProjects) = preSolution
		{DA5A2184-C016-4D9E-8019-7B5BB1A24F4B} = {9B047E55-B9AD-4958-9268-702DAFDAF694}
		{BA7FBC5B-86EF-4340-B4E9-ED6565CF278D} = {AFF6AB5B-45E1-493E-8967-C3DD2AF5B0A1}
	EndGlobalSection
	GlobalSection(ExtensibilityGlobals) = postSolution
		SolutionGuid = {5EA679F8-F8B4-441B-8D14-601CAE9C7F70}
	EndGlobalSection
EndGlobal
